// !$*UTF8*$!
{
	archiveVersion = 1;
	classes = {
	};
	objectVersion = 50;
	objects = {

/* Begin PBXBuildFile section */
		56CE5ED02381917A001D9FF2 /* UILabel-Extensions.swift in Sources */ = {isa = PBXBuildFile; fileRef = 56CE5ECF2381917A001D9FF2 /* UILabel-Extensions.swift */; };
		56CE5ED2238191C4001D9FF2 /* UIButton-Extensions.swift in Sources */ = {isa = PBXBuildFile; fileRef = 56CE5ED1238191C4001D9FF2 /* UIButton-Extensions.swift */; };
		56E26A2E237E4C9E002CF514 /* AppDelegate.swift in Sources */ = {isa = PBXBuildFile; fileRef = 56E26A2D237E4C9E002CF514 /* AppDelegate.swift */; };
		56E26A32237E4C9E002CF514 /* ViewController.swift in Sources */ = {isa = PBXBuildFile; fileRef = 56E26A31237E4C9E002CF514 /* ViewController.swift */; };
		56E26A35237E4C9E002CF514 /* Main.storyboard in Resources */ = {isa = PBXBuildFile; fileRef = 56E26A33237E4C9E002CF514 /* Main.storyboard */; };
		56E26A37237E4CA4002CF514 /* Assets.xcassets in Resources */ = {isa = PBXBuildFile; fileRef = 56E26A36237E4CA4002CF514 /* Assets.xcassets */; };
		56E26A3A237E4CA4002CF514 /* LaunchScreen.storyboard in Resources */ = {isa = PBXBuildFile; fileRef = 56E26A38237E4CA4002CF514 /* LaunchScreen.storyboard */; };
		56E26A45237E4CA4002CF514 /* QHSSwiftUtilsTests.swift in Sources */ = {isa = PBXBuildFile; fileRef = 56E26A44237E4CA4002CF514 /* QHSSwiftUtilsTests.swift */; };
		56E26A50237E4CA4002CF514 /* QHSSwiftUtilsUITests.swift in Sources */ = {isa = PBXBuildFile; fileRef = 56E26A4F237E4CA4002CF514 /* QHSSwiftUtilsUITests.swift */; };
		56E26A60237E4D70002CF514 /* UIViewController-Extensions.swift in Sources */ = {isa = PBXBuildFile; fileRef = 56E26A5F237E4D70002CF514 /* UIViewController-Extensions.swift */; };
/* End PBXBuildFile section */

/* Begin PBXContainerItemProxy section */
		56E26A41237E4CA4002CF514 /* PBXContainerItemProxy */ = {
			isa = PBXContainerItemProxy;
			containerPortal = 56E26A22237E4C9E002CF514 /* Project object */;
			proxyType = 1;
			remoteGlobalIDString = 56E26A29237E4C9E002CF514;
			remoteInfo = QHSSwiftUtils;
		};
		56E26A4C237E4CA4002CF514 /* PBXContainerItemProxy */ = {
			isa = PBXContainerItemProxy;
			containerPortal = 56E26A22237E4C9E002CF514 /* Project object */;
			proxyType = 1;
			remoteGlobalIDString = 56E26A29237E4C9E002CF514;
			remoteInfo = QHSSwiftUtils;
		};
/* End PBXContainerItemProxy section */

/* Begin PBXFileReference section */
		56CE5ECF2381917A001D9FF2 /* UILabel-Extensions.swift */ = {isa = PBXFileReference; lastKnownFileType = sourcecode.swift; path = "UILabel-Extensions.swift"; sourceTree = "<group>"; };
		56CE5ED1238191C4001D9FF2 /* UIButton-Extensions.swift */ = {isa = PBXFileReference; lastKnownFileType = sourcecode.swift; path = "UIButton-Extensions.swift"; sourceTree = "<group>"; };
		56E26A2A237E4C9E002CF514 /* QHSSwiftUtils.app */ = {isa = PBXFileReference; explicitFileType = wrapper.application; includeInIndex = 0; path = QHSSwiftUtils.app; sourceTree = BUILT_PRODUCTS_DIR; };
		56E26A2D237E4C9E002CF514 /* AppDelegate.swift */ = {isa = PBXFileReference; lastKnownFileType = sourcecode.swift; path = AppDelegate.swift; sourceTree = "<group>"; };
		56E26A31237E4C9E002CF514 /* ViewController.swift */ = {isa = PBXFileReference; lastKnownFileType = sourcecode.swift; path = ViewController.swift; sourceTree = "<group>"; };
		56E26A34237E4C9E002CF514 /* Base */ = {isa = PBXFileReference; lastKnownFileType = file.storyboard; name = Base; path = Base.lproj/Main.storyboard; sourceTree = "<group>"; };
		56E26A36237E4CA4002CF514 /* Assets.xcassets */ = {isa = PBXFileReference; lastKnownFileType = folder.assetcatalog; path = Assets.xcassets; sourceTree = "<group>"; };
		56E26A39237E4CA4002CF514 /* Base */ = {isa = PBXFileReference; lastKnownFileType = file.storyboard; name = Base; path = Base.lproj/LaunchScreen.storyboard; sourceTree = "<group>"; };
		56E26A3B237E4CA4002CF514 /* Info.plist */ = {isa = PBXFileReference; lastKnownFileType = text.plist.xml; path = Info.plist; sourceTree = "<group>"; };
		56E26A40237E4CA4002CF514 /* QHSSwiftUtilsTests.xctest */ = {isa = PBXFileReference; explicitFileType = wrapper.cfbundle; includeInIndex = 0; path = QHSSwiftUtilsTests.xctest; sourceTree = BUILT_PRODUCTS_DIR; };
		56E26A44237E4CA4002CF514 /* QHSSwiftUtilsTests.swift */ = {isa = PBXFileReference; lastKnownFileType = sourcecode.swift; path = QHSSwiftUtilsTests.swift; sourceTree = "<group>"; };
		56E26A46237E4CA4002CF514 /* Info.plist */ = {isa = PBXFileReference; lastKnownFileType = text.plist.xml; path = Info.plist; sourceTree = "<group>"; };
		56E26A4B237E4CA4002CF514 /* QHSSwiftUtilsUITests.xctest */ = {isa = PBXFileReference; explicitFileType = wrapper.cfbundle; includeInIndex = 0; path = QHSSwiftUtilsUITests.xctest; sourceTree = BUILT_PRODUCTS_DIR; };
		56E26A4F237E4CA4002CF514 /* QHSSwiftUtilsUITests.swift */ = {isa = PBXFileReference; lastKnownFileType = sourcecode.swift; path = QHSSwiftUtilsUITests.swift; sourceTree = "<group>"; };
		56E26A51237E4CA4002CF514 /* Info.plist */ = {isa = PBXFileReference; lastKnownFileType = text.plist.xml; path = Info.plist; sourceTree = "<group>"; };
		56E26A5F237E4D70002CF514 /* UIViewController-Extensions.swift */ = {isa = PBXFileReference; fileEncoding = 4; lastKnownFileType = sourcecode.swift; path = "UIViewController-Extensions.swift"; sourceTree = "<group>"; };
/* End PBXFileReference section */

/* Begin PBXFrameworksBuildPhase section */
		56E26A27237E4C9E002CF514 /* Frameworks */ = {
			isa = PBXFrameworksBuildPhase;
			buildActionMask = 2147483647;
			files = (
			);
			runOnlyForDeploymentPostprocessing = 0;
		};
		56E26A3D237E4CA4002CF514 /* Frameworks */ = {
			isa = PBXFrameworksBuildPhase;
			buildActionMask = 2147483647;
			files = (
			);
			runOnlyForDeploymentPostprocessing = 0;
		};
		56E26A48237E4CA4002CF514 /* Frameworks */ = {
			isa = PBXFrameworksBuildPhase;
			buildActionMask = 2147483647;
			files = (
			);
			runOnlyForDeploymentPostprocessing = 0;
		};
/* End PBXFrameworksBuildPhase section */

/* Begin PBXGroup section */
		56E26A21237E4C9E002CF514 = {
			isa = PBXGroup;
			children = (
				56E26A2C237E4C9E002CF514 /* QHSSwiftUtils */,
				56E26A43237E4CA4002CF514 /* QHSSwiftUtilsTests */,
				56E26A4E237E4CA4002CF514 /* QHSSwiftUtilsUITests */,
				56E26A2B237E4C9E002CF514 /* Products */,
			);
			sourceTree = "<group>";
		};
		56E26A2B237E4C9E002CF514 /* Products */ = {
			isa = PBXGroup;
			children = (
				56E26A2A237E4C9E002CF514 /* QHSSwiftUtils.app */,
				56E26A40237E4CA4002CF514 /* QHSSwiftUtilsTests.xctest */,
				56E26A4B237E4CA4002CF514 /* QHSSwiftUtilsUITests.xctest */,
			);
			name = Products;
			sourceTree = "<group>";
		};
		56E26A2C237E4C9E002CF514 /* QHSSwiftUtils */ = {
			isa = PBXGroup;
			children = (
				56E26A5D237E4D45002CF514 /* src */,
				56E26A2D237E4C9E002CF514 /* AppDelegate.swift */,
				56E26A31237E4C9E002CF514 /* ViewController.swift */,
				56E26A33237E4C9E002CF514 /* Main.storyboard */,
				56E26A36237E4CA4002CF514 /* Assets.xcassets */,
				56E26A38237E4CA4002CF514 /* LaunchScreen.storyboard */,
				56E26A3B237E4CA4002CF514 /* Info.plist */,
			);
			path = QHSSwiftUtils;
			sourceTree = "<group>";
		};
		56E26A43237E4CA4002CF514 /* QHSSwiftUtilsTests */ = {
			isa = PBXGroup;
			children = (
				56E26A44237E4CA4002CF514 /* QHSSwiftUtilsTests.swift */,
				56E26A46237E4CA4002CF514 /* Info.plist */,
			);
			path = QHSSwiftUtilsTests;
			sourceTree = "<group>";
		};
		56E26A4E237E4CA4002CF514 /* QHSSwiftUtilsUITests */ = {
			isa = PBXGroup;
			children = (
				56E26A4F237E4CA4002CF514 /* QHSSwiftUtilsUITests.swift */,
				56E26A51237E4CA4002CF514 /* Info.plist */,
			);
			path = QHSSwiftUtilsUITests;
			sourceTree = "<group>";
		};
		56E26A5D237E4D45002CF514 /* src */ = {
			isa = PBXGroup;
			children = (
				56E26A5E237E4D58002CF514 /* extensions */,
			);
			path = src;
			sourceTree = "<group>";
		};
		56E26A5E237E4D58002CF514 /* extensions */ = {
			isa = PBXGroup;
			children = (
				56E26A5F237E4D70002CF514 /* UIViewController-Extensions.swift */,
				56CE5ECF2381917A001D9FF2 /* UILabel-Extensions.swift */,
				56CE5ED1238191C4001D9FF2 /* UIButton-Extensions.swift */,
			);
			path = extensions;
			sourceTree = "<group>";
		};
/* End PBXGroup section */

/* Begin PBXNativeTarget section */
		56E26A29237E4C9E002CF514 /* QHSSwiftUtils */ = {
			isa = PBXNativeTarget;
			buildConfigurationList = 56E26A54237E4CA4002CF514 /* Build configuration list for PBXNativeTarget "QHSSwiftUtils" */;
			buildPhases = (
				56E26A26237E4C9E002CF514 /* Sources */,
				56E26A27237E4C9E002CF514 /* Frameworks */,
				56E26A28237E4C9E002CF514 /* Resources */,
			);
			buildRules = (
			);
			dependencies = (
			);
			name = QHSSwiftUtils;
			productName = QHSSwiftUtils;
			productReference = 56E26A2A237E4C9E002CF514 /* QHSSwiftUtils.app */;
			productType = "com.apple.product-type.application";
		};
		56E26A3F237E4CA4002CF514 /* QHSSwiftUtilsTests */ = {
			isa = PBXNativeTarget;
			buildConfigurationList = 56E26A57237E4CA4002CF514 /* Build configuration list for PBXNativeTarget "QHSSwiftUtilsTests" */;
			buildPhases = (
				56E26A3C237E4CA4002CF514 /* Sources */,
				56E26A3D237E4CA4002CF514 /* Frameworks */,
				56E26A3E237E4CA4002CF514 /* Resources */,
			);
			buildRules = (
			);
			dependencies = (
				56E26A42237E4CA4002CF514 /* PBXTargetDependency */,
			);
			name = QHSSwiftUtilsTests;
			productName = QHSSwiftUtilsTests;
			productReference = 56E26A40237E4CA4002CF514 /* QHSSwiftUtilsTests.xctest */;
			productType = "com.apple.product-type.bundle.unit-test";
		};
		56E26A4A237E4CA4002CF514 /* QHSSwiftUtilsUITests */ = {
			isa = PBXNativeTarget;
			buildConfigurationList = 56E26A5A237E4CA4002CF514 /* Build configuration list for PBXNativeTarget "QHSSwiftUtilsUITests" */;
			buildPhases = (
				56E26A47237E4CA4002CF514 /* Sources */,
				56E26A48237E4CA4002CF514 /* Frameworks */,
				56E26A49237E4CA4002CF514 /* Resources */,
			);
			buildRules = (
			);
			dependencies = (
				56E26A4D237E4CA4002CF514 /* PBXTargetDependency */,
			);
			name = QHSSwiftUtilsUITests;
			productName = QHSSwiftUtilsUITests;
			productReference = 56E26A4B237E4CA4002CF514 /* QHSSwiftUtilsUITests.xctest */;
			productType = "com.apple.product-type.bundle.ui-testing";
		};
/* End PBXNativeTarget section */

/* Begin PBXProject section */
		56E26A22237E4C9E002CF514 /* Project object */ = {
			isa = PBXProject;
			attributes = {
				LastSwiftUpdateCheck = 1120;
				LastUpgradeCheck = 1120;
				ORGANIZATIONNAME = Charles;
				TargetAttributes = {
					56E26A29237E4C9E002CF514 = {
						CreatedOnToolsVersion = 11.2;
					};
					56E26A3F237E4CA4002CF514 = {
						CreatedOnToolsVersion = 11.2;
						TestTargetID = 56E26A29237E4C9E002CF514;
					};
					56E26A4A237E4CA4002CF514 = {
						CreatedOnToolsVersion = 11.2;
						TestTargetID = 56E26A29237E4C9E002CF514;
					};
				};
			};
			buildConfigurationList = 56E26A25237E4C9E002CF514 /* Build configuration list for PBXProject "QHSSwiftUtils" */;
			compatibilityVersion = "Xcode 9.3";
			developmentRegion = en;
			hasScannedForEncodings = 0;
			knownRegions = (
				en,
				Base,
			);
			mainGroup = 56E26A21237E4C9E002CF514;
			productRefGroup = 56E26A2B237E4C9E002CF514 /* Products */;
			projectDirPath = "";
			projectRoot = "";
			targets = (
				56E26A29237E4C9E002CF514 /* QHSSwiftUtils */,
				56E26A3F237E4CA4002CF514 /* QHSSwiftUtilsTests */,
				56E26A4A237E4CA4002CF514 /* QHSSwiftUtilsUITests */,
			);
		};
/* End PBXProject section */

/* Begin PBXResourcesBuildPhase section */
		56E26A28237E4C9E002CF514 /* Resources */ = {
			isa = PBXResourcesBuildPhase;
			buildActionMask = 2147483647;
			files = (
				56E26A3A237E4CA4002CF514 /* LaunchScreen.storyboard in Resources */,
				56E26A37237E4CA4002CF514 /* Assets.xcassets in Resources */,
				56E26A35237E4C9E002CF514 /* Main.storyboard in Resources */,
			);
			runOnlyForDeploymentPostprocessing = 0;
		};
		56E26A3E237E4CA4002CF514 /* Resources */ = {
			isa = PBXResourcesBuildPhase;
			buildActionMask = 2147483647;
			files = (
			);
			runOnlyForDeploymentPostprocessing = 0;
		};
		56E26A49237E4CA4002CF514 /* Resources */ = {
			isa = PBXResourcesBuildPhase;
			buildActionMask = 2147483647;
			files = (
			);
			runOnlyForDeploymentPostprocessing = 0;
		};
/* End PBXResourcesBuildPhase section */

/* Begin PBXSourcesBuildPhase section */
		56E26A26237E4C9E002CF514 /* Sources */ = {
			isa = PBXSourcesBuildPhase;
			buildActionMask = 2147483647;
			files = (
				56E26A32237E4C9E002CF514 /* ViewController.swift in Sources */,
				56E26A2E237E4C9E002CF514 /* AppDelegate.swift in Sources */,
				56CE5ED02381917A001D9FF2 /* UILabel-Extensions.swift in Sources */,
				56CE5ED2238191C4001D9FF2 /* UIButton-Extensions.swift in Sources */,
				56E26A60237E4D70002CF514 /* UIViewController-Extensions.swift in Sources */,
			);
			runOnlyForDeploymentPostprocessing = 0;
		};
		56E26A3C237E4CA4002CF514 /* Sources */ = {
			isa = PBXSourcesBuildPhase;
			buildActionMask = 2147483647;
			files = (
				56E26A45237E4CA4002CF514 /* QHSSwiftUtilsTests.swift in Sources */,
			);
			runOnlyForDeploymentPostprocessing = 0;
		};
		56E26A47237E4CA4002CF514 /* Sources */ = {
			isa = PBXSourcesBuildPhase;
			buildActionMask = 2147483647;
			files = (
				56E26A50237E4CA4002CF514 /* QHSSwiftUtilsUITests.swift in Sources */,
			);
			runOnlyForDeploymentPostprocessing = 0;
		};
/* End PBXSourcesBuildPhase section */

/* Begin PBXTargetDependency section */
		56E26A42237E4CA4002CF514 /* PBXTargetDependency */ = {
			isa = PBXTargetDependency;
			target = 56E26A29237E4C9E002CF514 /* QHSSwiftUtils */;
			targetProxy = 56E26A41237E4CA4002CF514 /* PBXContainerItemProxy */;
		};
		56E26A4D237E4CA4002CF514 /* PBXTargetDependency */ = {
			isa = PBXTargetDependency;
			target = 56E26A29237E4C9E002CF514 /* QHSSwiftUtils */;
			targetProxy = 56E26A4C237E4CA4002CF514 /* PBXContainerItemProxy */;
		};
/* End PBXTargetDependency section */

/* Begin PBXVariantGroup section */
		56E26A33237E4C9E002CF514 /* Main.storyboard */ = {
			isa = PBXVariantGroup;
			children = (
				56E26A34237E4C9E002CF514 /* Base */,
			);
			name = Main.storyboard;
			sourceTree = "<group>";
		};
		56E26A38237E4CA4002CF514 /* LaunchScreen.storyboard */ = {
			isa = PBXVariantGroup;
			children = (
				56E26A39237E4CA4002CF514 /* Base */,
			);
			name = LaunchScreen.storyboard;
			sourceTree = "<group>";
		};
/* End PBXVariantGroup section */

/* Begin XCBuildConfiguration section */
		56E26A52237E4CA4002CF514 /* Debug */ = {
			isa = XCBuildConfiguration;
			buildSettings = {
				ALWAYS_SEARCH_USER_PATHS = NO;
				CLANG_ANALYZER_NONNULL = YES;
				CLANG_ANALYZER_NUMBER_OBJECT_CONVERSION = YES_AGGRESSIVE;
				CLANG_CXX_LANGUAGE_STANDARD = "gnu++14";
				CLANG_CXX_LIBRARY = "libc++";
				CLANG_ENABLE_MODULES = YES;
				CLANG_ENABLE_OBJC_ARC = YES;
				CLANG_ENABLE_OBJC_WEAK = YES;
				CLANG_WARN_BLOCK_CAPTURE_AUTORELEASING = YES;
				CLANG_WARN_BOOL_CONVERSION = YES;
				CLANG_WARN_COMMA = YES;
				CLANG_WARN_CONSTANT_CONVERSION = YES;
				CLANG_WARN_DEPRECATED_OBJC_IMPLEMENTATIONS = YES;
				CLANG_WARN_DIRECT_OBJC_ISA_USAGE = YES_ERROR;
				CLANG_WARN_DOCUMENTATION_COMMENTS = YES;
				CLANG_WARN_EMPTY_BODY = YES;
				CLANG_WARN_ENUM_CONVERSION = YES;
				CLANG_WARN_INFINITE_RECURSION = YES;
				CLANG_WARN_INT_CONVERSION = YES;
				CLANG_WARN_NON_LITERAL_NULL_CONVERSION = YES;
				CLANG_WARN_OBJC_IMPLICIT_RETAIN_SELF = YES;
				CLANG_WARN_OBJC_LITERAL_CONVERSION = YES;
				CLANG_WARN_OBJC_ROOT_CLASS = YES_ERROR;
				CLANG_WARN_RANGE_LOOP_ANALYSIS = YES;
				CLANG_WARN_STRICT_PROTOTYPES = YES;
				CLANG_WARN_SUSPICIOUS_MOVE = YES;
				CLANG_WARN_UNGUARDED_AVAILABILITY = YES_AGGRESSIVE;
				CLANG_WARN_UNREACHABLE_CODE = YES;
				CLANG_WARN__DUPLICATE_METHOD_MATCH = YES;
				COPY_PHASE_STRIP = NO;
				DEBUG_INFORMATION_FORMAT = dwarf;
				ENABLE_STRICT_OBJC_MSGSEND = YES;
				ENABLE_TESTABILITY = YES;
				GCC_C_LANGUAGE_STANDARD = gnu11;
				GCC_DYNAMIC_NO_PIC = NO;
				GCC_NO_COMMON_BLOCKS = YES;
				GCC_OPTIMIZATION_LEVEL = 0;
				GCC_PREPROCESSOR_DEFINITIONS = (
					"DEBUG=1",
					"$(inherited)",
				);
				GCC_WARN_64_TO_32_BIT_CONVERSION = YES;
				GCC_WARN_ABOUT_RETURN_TYPE = YES_ERROR;
				GCC_WARN_UNDECLARED_SELECTOR = YES;
				GCC_WARN_UNINITIALIZED_AUTOS = YES_AGGRESSIVE;
				GCC_WARN_UNUSED_FUNCTION = YES;
				GCC_WARN_UNUSED_VARIABLE = YES;
				IPHONEOS_DEPLOYMENT_TARGET = 13.2;
				MTL_ENABLE_DEBUG_INFO = INCLUDE_SOURCE;
				MTL_FAST_MATH = YES;
				ONLY_ACTIVE_ARCH = YES;
				SDKROOT = iphoneos;
				SWIFT_ACTIVE_COMPILATION_CONDITIONS = DEBUG;
				SWIFT_OPTIMIZATION_LEVEL = "-Onone";
				SWIFT_VERSION = 5.0;
			};
			name = Debug;
		};
		56E26A53237E4CA4002CF514 /* Release */ = {
			isa = XCBuildConfiguration;
			buildSettings = {
				ALWAYS_SEARCH_USER_PATHS = NO;
				CLANG_ANALYZER_NONNULL = YES;
				CLANG_ANALYZER_NUMBER_OBJECT_CONVERSION = YES_AGGRESSIVE;
				CLANG_CXX_LANGUAGE_STANDARD = "gnu++14";
				CLANG_CXX_LIBRARY = "libc++";
				CLANG_ENABLE_MODULES = YES;
				CLANG_ENABLE_OBJC_ARC = YES;
				CLANG_ENABLE_OBJC_WEAK = YES;
				CLANG_WARN_BLOCK_CAPTURE_AUTORELEASING = YES;
				CLANG_WARN_BOOL_CONVERSION = YES;
				CLANG_WARN_COMMA = YES;
				CLANG_WARN_CONSTANT_CONVERSION = YES;
				CLANG_WARN_DEPRECATED_OBJC_IMPLEMENTATIONS = YES;
				CLANG_WARN_DIRECT_OBJC_ISA_USAGE = YES_ERROR;
				CLANG_WARN_DOCUMENTATION_COMMENTS = YES;
				CLANG_WARN_EMPTY_BODY = YES;
				CLANG_WARN_ENUM_CONVERSION = YES;
				CLANG_WARN_INFINITE_RECURSION = YES;
				CLANG_WARN_INT_CONVERSION = YES;
				CLANG_WARN_NON_LITERAL_NULL_CONVERSION = YES;
				CLANG_WARN_OBJC_IMPLICIT_RETAIN_SELF = YES;
				CLANG_WARN_OBJC_LITERAL_CONVERSION = YES;
				CLANG_WARN_OBJC_ROOT_CLASS = YES_ERROR;
				CLANG_WARN_RANGE_LOOP_ANALYSIS = YES;
				CLANG_WARN_STRICT_PROTOTYPES = YES;
				CLANG_WARN_SUSPICIOUS_MOVE = YES;
				CLANG_WARN_UNGUARDED_AVAILABILITY = YES_AGGRESSIVE;
				CLANG_WARN_UNREACHABLE_CODE = YES;
				CLANG_WARN__DUPLICATE_METHOD_MATCH = YES;
				COPY_PHASE_STRIP = NO;
				DEBUG_INFORMATION_FORMAT = "dwarf-with-dsym";
				ENABLE_NS_ASSERTIONS = NO;
				ENABLE_STRICT_OBJC_MSGSEND = YES;
				GCC_C_LANGUAGE_STANDARD = gnu11;
				GCC_NO_COMMON_BLOCKS = YES;
				GCC_WARN_64_TO_32_BIT_CONVERSION = YES;
				GCC_WARN_ABOUT_RETURN_TYPE = YES_ERROR;
				GCC_WARN_UNDECLARED_SELECTOR = YES;
				GCC_WARN_UNINITIALIZED_AUTOS = YES_AGGRESSIVE;
				GCC_WARN_UNUSED_FUNCTION = YES;
				GCC_WARN_UNUSED_VARIABLE = YES;
				IPHONEOS_DEPLOYMENT_TARGET = 13.2;
				MTL_ENABLE_DEBUG_INFO = NO;
				MTL_FAST_MATH = YES;
				SDKROOT = iphoneos;
				SWIFT_COMPILATION_MODE = wholemodule;
				SWIFT_OPTIMIZATION_LEVEL = "-O";
				SWIFT_VERSION = 5.0;
				VALIDATE_PRODUCT = YES;
			};
			name = Release;
		};
		56E26A55237E4CA4002CF514 /* Debug */ = {
			isa = XCBuildConfiguration;
			buildSettings = {
				ASSETCATALOG_COMPILER_APPICON_NAME = AppIcon;
				CODE_SIGN_STYLE = Automatic;
				DEVELOPMENT_TEAM = 8M498ZLL8D;
				INFOPLIST_FILE = QHSSwiftUtils/Info.plist;
				LD_RUNPATH_SEARCH_PATHS = (
					"$(inherited)",
					"@executable_path/Frameworks",
				);
				PRODUCT_BUNDLE_IDENTIFIER = com.charles.QHSSwiftUtils;
				PRODUCT_NAME = "$(TARGET_NAME)";
				SWIFT_VERSION = 5.0;
				TARGETED_DEVICE_FAMILY = "1,2";
			};
			name = Debug;
		};
		56E26A56237E4CA4002CF514 /* Release */ = {
			isa = XCBuildConfiguration;
			buildSettings = {
				ASSETCATALOG_COMPILER_APPICON_NAME = AppIcon;
				CODE_SIGN_STYLE = Automatic;
				DEVELOPMENT_TEAM = 8M498ZLL8D;
				INFOPLIST_FILE = QHSSwiftUtils/Info.plist;
				LD_RUNPATH_SEARCH_PATHS = (
					"$(inherited)",
					"@executable_path/Frameworks",
				);
				PRODUCT_BUNDLE_IDENTIFIER = com.charles.QHSSwiftUtils;
				PRODUCT_NAME = "$(TARGET_NAME)";
				SWIFT_VERSION = 5.0;
				TARGETED_DEVICE_FAMILY = "1,2";
			};
			name = Release;
		};
		56E26A58237E4CA4002CF514 /* Debug */ = {
			isa = XCBuildConfiguration;
			buildSettings = {
				ALWAYS_EMBED_SWIFT_STANDARD_LIBRARIES = YES;
				BUNDLE_LOADER = "$(TEST_HOST)";
				CODE_SIGN_STYLE = Automatic;
				DEVELOPMENT_TEAM = 8M498ZLL8D;
				INFOPLIST_FILE = QHSSwiftUtilsTests/Info.plist;
				IPHONEOS_DEPLOYMENT_TARGET = 13.2;
				LD_RUNPATH_SEARCH_PATHS = (
					"$(inherited)",
					"@executable_path/Frameworks",
					"@loader_path/Frameworks",
				);
				PRODUCT_BUNDLE_IDENTIFIER = com.charles.QHSSwiftUtilsTests;
				PRODUCT_NAME = "$(TARGET_NAME)";
				SWIFT_VERSION = 5.0;
				TARGETED_DEVICE_FAMILY = "1,2";
				TEST_HOST = "$(BUILT_PRODUCTS_DIR)/QHSSwiftUtils.app/QHSSwiftUtils";
			};
			name = Debug;
		};
		56E26A59237E4CA4002CF514 /* Release */ = {
			isa = XCBuildConfiguration;
			buildSettings = {
				ALWAYS_EMBED_SWIFT_STANDARD_LIBRARIES = YES;
				BUNDLE_LOADER = "$(TEST_HOST)";
				CODE_SIGN_STYLE = Automatic;
				DEVELOPMENT_TEAM = 8M498ZLL8D;
				INFOPLIST_FILE = QHSSwiftUtilsTests/Info.plist;
				IPHONEOS_DEPLOYMENT_TARGET = 13.2;
				LD_RUNPATH_SEARCH_PATHS = (
					"$(inherited)",
					"@executable_path/Frameworks",
					"@loader_path/Frameworks",
				);
				PRODUCT_BUNDLE_IDENTIFIER = com.charles.QHSSwiftUtilsTests;
				PRODUCT_NAME = "$(TARGET_NAME)";
				SWIFT_VERSION = 5.0;
				TARGETED_DEVICE_FAMILY = "1,2";
				TEST_HOST = "$(BUILT_PRODUCTS_DIR)/QHSSwiftUtils.app/QHSSwiftUtils";
			};
			name = Release;
		};
		56E26A5B237E4CA4002CF514 /* Debug */ = {
			isa = XCBuildConfiguration;
			buildSettings = {
				ALWAYS_EMBED_SWIFT_STANDARD_LIBRARIES = YES;
				CODE_SIGN_STYLE = Automatic;
				DEVELOPMENT_TEAM = 8M498ZLL8D;
				INFOPLIST_FILE = QHSSwiftUtilsUITests/Info.plist;
				LD_RUNPATH_SEARCH_PATHS = (
					"$(inherited)",
					"@executable_path/Frameworks",
					"@loader_path/Frameworks",
				);
				PRODUCT_BUNDLE_IDENTIFIER = com.charles.QHSSwiftUtilsUITests;
				PRODUCT_NAME = "$(TARGET_NAME)";
				SWIFT_VERSION = 5.0;
				TARGETED_DEVICE_FAMILY = "1,2";
				TEST_TARGET_NAME = QHSSwiftUtils;
			};
			name = Debug;
		};
		56E26A5C237E4CA4002CF514 /* Release */ = {
			isa = XCBuildConfiguration;
			buildSettings = {
				ALWAYS_EMBED_SWIFT_STANDARD_LIBRARIES = YES;
				CODE_SIGN_STYLE = Automatic;
				DEVELOPMENT_TEAM = 8M498ZLL8D;
				INFOPLIST_FILE = QHSSwiftUtilsUITests/Info.plist;
				LD_RUNPATH_SEARCH_PATHS = (
					"$(inherited)",
					"@executable_path/Frameworks",
					"@loader_path/Frameworks",
				);
				PRODUCT_BUNDLE_IDENTIFIER = com.charles.QHSSwiftUtilsUITests;
				PRODUCT_NAME = "$(TARGET_NAME)";
				SWIFT_VERSION = 5.0;
				TARGETED_DEVICE_FAMILY = "1,2";
				TEST_TARGET_NAME = QHSSwiftUtils;
			};
			name = Release;
		};
/* End XCBuildConfiguration section */

/* Begin XCConfigurationList section */
		56E26A25237E4C9E002CF514 /* Build configuration list for PBXProject "QHSSwiftUtils" */ = {
			isa = XCConfigurationList;
			buildConfigurations = (
				56E26A52237E4CA4002CF514 /* Debug */,
				56E26A53237E4CA4002CF514 /* Release */,
			);
			defaultConfigurationIsVisible = 0;
			defaultConfigurationName = Release;
		};
		56E26A54237E4CA4002CF514 /* Build configuration list for PBXNativeTarget "QHSSwiftUtils" */ = {
			isa = XCConfigurationList;
			buildConfigurations = (
				56E26A55237E4CA4002CF514 /* Debug */,
				56E26A56237E4CA4002CF514 /* Release */,
			);
			defaultConfigurationIsVisible = 0;
			defaultConfigurationName = Release;
		};
		56E26A57237E4CA4002CF514 /* Build configuration list for PBXNativeTarget "QHSSwiftUtilsTests" */ = {
			isa = XCConfigurationList;
			buildConfigurations = (
				56E26A58237E4CA4002CF514 /* Debug */,
				56E26A59237E4CA4002CF514 /* Release */,
			);
			defaultConfigurationIsVisible = 0;
			defaultConfigurationName = Release;
		};
		56E26A5A237E4CA4002CF514 /* Build configuration list for PBXNativeTarget "QHSSwiftUtilsUITests" */ = {
			isa = XCConfigurationList;
			buildConfigurations = (
				56E26A5B237E4CA4002CF514 /* Debug */,
				56E26A5C237E4CA4002CF514 /* Release */,
			);
			defaultConfigurationIsVisible = 0;
			defaultConfigurationName = Release;
		};
/* End XCConfigurationList section */
	};
	rootObject = 56E26A22237E4C9E002CF514 /* Project object */;
}
